
Microsoft Visual Studio Solution File, Format Version 12.00
# Visual Studio Version 16
VisualStudioVersion = 16.0.30611.23
MinimumVisualStudioVersion = 10.0.40219.1
Project("{FAE04EC0-301F-11D3-BF4B-00C04F79EFBC}") = "NanoBot V2", "NanoBot V2\NanoBot V2.csproj", "{301E6B13-3189-4957-8C11-936F63B0D507}"
EndProject
Global
	GlobalSection(SolutionConfigurationPlatforms) = preSolution
		Debug|Any CPU = Debug|Any CPU
		Release|Any CPU = Release|Any CPU
	EndGlobalSection
	GlobalSection(ProjectConfigurationPlatforms) = postSolution
		{301E6B13-3189-4957-8C11-936F63B0D507}.Debug|Any CPU.ActiveCfg = Debug|Any CPU
		{301E6B13-3189-4957-8C11-936F63B0D507}.Debug|Any CPU.Build.0 = Debug|Any CPU
		{301E6B13-3189-4957-8C11-936F63B0D507}.Release|Any CPU.ActiveCfg = Release|Any CPU
		{301E6B13-3189-4957-8C11-936F63B0D507}.Release|Any CPU.Build.0 = Release|Any CPU
	EndGlobalSection
	GlobalSection(SolutionProperties) = preSolution
		HideSolutionNode = FALSE
	EndGlobalSection
	GlobalSection(ExtensibilityGlobals) = postSolution
		SolutionGuid = {15DB1C7C-AAA3-4387-BFB2-A64CBF685FA8}
	EndGlobalSection
EndGlobal
